// !$*UTF8*$!
{
	archiveVersion = 1;
	classes = {
	};
	objectVersion = 46;
	objects = {

/* Begin PBXBuildFile section */
		031157141DF4D7B2005A94DD /* FirebaseReference.swift in Sources */ = {isa = PBXBuildFile; fileRef = 031157131DF4D7B2005A94DD /* FirebaseReference.swift */; };
		031157181DF4E6D5005A94DD /* User.swift in Sources */ = {isa = PBXBuildFile; fileRef = 031157171DF4E6D5005A94DD /* User.swift */; };
		036183AC1DF659A000F24D2D /* FIR Image.swift in Sources */ = {isa = PBXBuildFile; fileRef = 036183AB1DF659A000F24D2D /* FIR Image.swift */; };
		038D57E81DF4D5CA000ABB51 /* GoogleService-Info.plist in Resources */ = {isa = PBXBuildFile; fileRef = 038D57E71DF4D5CA000ABB51 /* GoogleService-Info.plist */; };
		03FE838A1DF3864600D03961 /* AppDelegate.swift in Sources */ = {isa = PBXBuildFile; fileRef = 03FE83891DF3864600D03961 /* AppDelegate.swift */; };
		03FE838F1DF3864600D03961 /* Main.storyboard in Resources */ = {isa = PBXBuildFile; fileRef = 03FE838D1DF3864600D03961 /* Main.storyboard */; };
		03FE83911DF3864600D03961 /* Assets.xcassets in Resources */ = {isa = PBXBuildFile; fileRef = 03FE83901DF3864600D03961 /* Assets.xcassets */; };
		03FE83941DF3864600D03961 /* LaunchScreen.storyboard in Resources */ = {isa = PBXBuildFile; fileRef = 03FE83921DF3864600D03961 /* LaunchScreen.storyboard */; };
		D96844D269B1FA3D99F04229 /* Pods_Momentz_Instagram.framework in Frameworks */ = {isa = PBXBuildFile; fileRef = AE4520EE0CF24F26F61EC93B /* Pods_Momentz_Instagram.framework */; };
/* End PBXBuildFile section */

/* Begin PBXFileReference section */
		031157131DF4D7B2005A94DD /* FirebaseReference.swift */ = {isa = PBXFileReference; fileEncoding = 4; lastKnownFileType = sourcecode.swift; path = FirebaseReference.swift; sourceTree = "<group>"; };
		031157171DF4E6D5005A94DD /* User.swift */ = {isa = PBXFileReference; fileEncoding = 4; lastKnownFileType = sourcecode.swift; path = User.swift; sourceTree = "<group>"; };
		036183AB1DF659A000F24D2D /* FIR Image.swift */ = {isa = PBXFileReference; fileEncoding = 4; lastKnownFileType = sourcecode.swift; path = "FIR Image.swift"; sourceTree = "<group>"; };
		038D57E71DF4D5CA000ABB51 /* GoogleService-Info.plist */ = {isa = PBXFileReference; fileEncoding = 4; lastKnownFileType = text.plist.xml; path = "GoogleService-Info.plist"; sourceTree = "<group>"; };
		03FE83861DF3864600D03961 /* Momentz-Instagram.app */ = {isa = PBXFileReference; explicitFileType = wrapper.application; includeInIndex = 0; path = "Momentz-Instagram.app"; sourceTree = BUILT_PRODUCTS_DIR; };
		03FE83891DF3864600D03961 /* AppDelegate.swift */ = {isa = PBXFileReference; lastKnownFileType = sourcecode.swift; path = AppDelegate.swift; sourceTree = "<group>"; };
		03FE838E1DF3864600D03961 /* Base */ = {isa = PBXFileReference; lastKnownFileType = file.storyboard; name = Base; path = Base.lproj/Main.storyboard; sourceTree = "<group>"; };
		03FE83901DF3864600D03961 /* Assets.xcassets */ = {isa = PBXFileReference; lastKnownFileType = folder.assetcatalog; path = Assets.xcassets; sourceTree = "<group>"; };
		03FE83931DF3864600D03961 /* Base */ = {isa = PBXFileReference; lastKnownFileType = file.storyboard; name = Base; path = Base.lproj/LaunchScreen.storyboard; sourceTree = "<group>"; };
		03FE83951DF3864600D03961 /* Info.plist */ = {isa = PBXFileReference; lastKnownFileType = text.plist.xml; path = Info.plist; sourceTree = "<group>"; };
		29D6648848C27720F12EBC5B /* Pods-Momentz-Instagram.release.xcconfig */ = {isa = PBXFileReference; includeInIndex = 1; lastKnownFileType = text.xcconfig; name = "Pods-Momentz-Instagram.release.xcconfig"; path = "Pods/Target Support Files/Pods-Momentz-Instagram/Pods-Momentz-Instagram.release.xcconfig"; sourceTree = "<group>"; };
		5556FA9059AAC43C01235E02 /* Pods-Momentz-Instagram.debug.xcconfig */ = {isa = PBXFileReference; includeInIndex = 1; lastKnownFileType = text.xcconfig; name = "Pods-Momentz-Instagram.debug.xcconfig"; path = "Pods/Target Support Files/Pods-Momentz-Instagram/Pods-Momentz-Instagram.debug.xcconfig"; sourceTree = "<group>"; };
		AE4520EE0CF24F26F61EC93B /* Pods_Momentz_Instagram.framework */ = {isa = PBXFileReference; explicitFileType = wrapper.framework; includeInIndex = 0; path = Pods_Momentz_Instagram.framework; sourceTree = BUILT_PRODUCTS_DIR; };
/* End PBXFileReference section */

/* Begin PBXFrameworksBuildPhase section */
		03FE83831DF3864600D03961 /* Frameworks */ = {
			isa = PBXFrameworksBuildPhase;
			buildActionMask = 2147483647;
			files = (
				D96844D269B1FA3D99F04229 /* Pods_Momentz_Instagram.framework in Frameworks */,
			);
			runOnlyForDeploymentPostprocessing = 0;
		};
/* End PBXFrameworksBuildPhase section */

/* Begin PBXGroup section */
		031157151DF4E6A2005A94DD /* Model */ = {
			isa = PBXGroup;
			children = (
				031157131DF4D7B2005A94DD /* FirebaseReference.swift */,
				031157171DF4E6D5005A94DD /* User.swift */,
				036183AB1DF659A000F24D2D /* FIR Image.swift */,
			);
			name = Model;
			sourceTree = "<group>";
		};
		031157161DF4E6B7005A94DD /* View */ = {
			isa = PBXGroup;
			children = (
				03FE838D1DF3864600D03961 /* Main.storyboard */,
			);
			name = View;
			sourceTree = "<group>";
		};
		03FE837D1DF3864600D03961 = {
			isa = PBXGroup;
			children = (
				03FE83881DF3864600D03961 /* Momentz-Instagram */,
				03FE83871DF3864600D03961 /* Products */,
				AB4ED195E23FBCFE9A7D46A6 /* Pods */,
				66534BD248145D0C0C4A22E8 /* Frameworks */,
			);
			sourceTree = "<group>";
		};
		03FE83871DF3864600D03961 /* Products */ = {
			isa = PBXGroup;
			children = (
				03FE83861DF3864600D03961 /* Momentz-Instagram.app */,
			);
			name = Products;
			sourceTree = "<group>";
		};
		03FE83881DF3864600D03961 /* Momentz-Instagram */ = {
			isa = PBXGroup;
			children = (
				03FE83891DF3864600D03961 /* AppDelegate.swift */,
				031157151DF4E6A2005A94DD /* Model */,
				031157161DF4E6B7005A94DD /* View */,
				03FE83901DF3864600D03961 /* Assets.xcassets */,
				03FE83921DF3864600D03961 /* LaunchScreen.storyboard */,
				03FE83951DF3864600D03961 /* Info.plist */,
				038D57E71DF4D5CA000ABB51 /* GoogleService-Info.plist */,
			);
			path = "Momentz-Instagram";
			sourceTree = "<group>";
		};
		66534BD248145D0C0C4A22E8 /* Frameworks */ = {
			isa = PBXGroup;
			children = (
				AE4520EE0CF24F26F61EC93B /* Pods_Momentz_Instagram.framework */,
			);
			name = Frameworks;
			sourceTree = "<group>";
		};
		AB4ED195E23FBCFE9A7D46A6 /* Pods */ = {
			isa = PBXGroup;
			children = (
				5556FA9059AAC43C01235E02 /* Pods-Momentz-Instagram.debug.xcconfig */,
				29D6648848C27720F12EBC5B /* Pods-Momentz-Instagram.release.xcconfig */,
			);
			name = Pods;
			sourceTree = "<group>";
		};
/* End PBXGroup section */

/* Begin PBXNativeTarget section */
		03FE83851DF3864600D03961 /* Momentz-Instagram */ = {
			isa = PBXNativeTarget;
			buildConfigurationList = 03FE83981DF3864600D03961 /* Build configuration list for PBXNativeTarget "Momentz-Instagram" */;
			buildPhases = (
				25B87C8B855DB7B3FDA15874 /* [CP] Check Pods Manifest.lock */,
				03FE83821DF3864600D03961 /* Sources */,
				03FE83831DF3864600D03961 /* Frameworks */,
				03FE83841DF3864600D03961 /* Resources */,
				4364CD195F95866CCD34E05A /* [CP] Embed Pods Frameworks */,
				4E8C898E67AB3B3DD64769FA /* [CP] Copy Pods Resources */,
			);
			buildRules = (
			);
			dependencies = (
			);
			name = "Momentz-Instagram";
			productName = "Momentz-Instagram";
			productReference = 03FE83861DF3864600D03961 /* Momentz-Instagram.app */;
			productType = "com.apple.product-type.application";
		};
/* End PBXNativeTarget section */

/* Begin PBXProject section */
		03FE837E1DF3864600D03961 /* Project object */ = {
			isa = PBXProject;
			attributes = {
				LastSwiftUpdateCheck = 0820;
				LastUpgradeCheck = 0820;
				ORGANIZATIONNAME = "D Conway";
				TargetAttributes = {
					03FE83851DF3864600D03961 = {
						CreatedOnToolsVersion = 8.2;
						DevelopmentTeam = X3MF58BS4U;
						ProvisioningStyle = Automatic;
					};
				};
			};
			buildConfigurationList = 03FE83811DF3864600D03961 /* Build configuration list for PBXProject "Momentz-Instagram" */;
			compatibilityVersion = "Xcode 3.2";
			developmentRegion = English;
			hasScannedForEncodings = 0;
			knownRegions = (
				en,
				Base,
			);
			mainGroup = 03FE837D1DF3864600D03961;
			productRefGroup = 03FE83871DF3864600D03961 /* Products */;
			projectDirPath = "";
			projectRoot = "";
			targets = (
				03FE83851DF3864600D03961 /* Momentz-Instagram */,
			);
		};
/* End PBXProject section */

/* Begin PBXResourcesBuildPhase section */
		03FE83841DF3864600D03961 /* Resources */ = {
			isa = PBXResourcesBuildPhase;
			buildActionMask = 2147483647;
			files = (
				03FE83941DF3864600D03961 /* LaunchScreen.storyboard in Resources */,
				038D57E81DF4D5CA000ABB51 /* GoogleService-Info.plist in Resources */,
				03FE83911DF3864600D03961 /* Assets.xcassets in Resources */,
				03FE838F1DF3864600D03961 /* Main.storyboard in Resources */,
			);
			runOnlyForDeploymentPostprocessing = 0;
		};
/* End PBXResourcesBuildPhase section */

/* Begin PBXShellScriptBuildPhase section */
		25B87C8B855DB7B3FDA15874 /* [CP] Check Pods Manifest.lock */ = {
			isa = PBXShellScriptBuildPhase;
			buildActionMask = 2147483647;
			files = (
			);
			inputPaths = (
			);
			name = "[CP] Check Pods Manifest.lock";
			outputPaths = (
			);
			runOnlyForDeploymentPostprocessing = 0;
			shellPath = /bin/sh;
			shellScript = "diff \"${PODS_ROOT}/../Podfile.lock\" \"${PODS_ROOT}/Manifest.lock\" > /dev/null\nif [ $? != 0 ] ; then\n    # print error to STDERR\n    echo \"error: The sandbox is not in sync with the Podfile.lock. Run 'pod install' or update your CocoaPods installation.\" >&2\n    exit 1\nfi\n";
			showEnvVarsInLog = 0;
		};
		4364CD195F95866CCD34E05A /* [CP] Embed Pods Frameworks */ = {
			isa = PBXShellScriptBuildPhase;
			buildActionMask = 2147483647;
			files = (
			);
			inputPaths = (
			);
			name = "[CP] Embed Pods Frameworks";
			outputPaths = (
			);
			runOnlyForDeploymentPostprocessing = 0;
			shellPath = /bin/sh;
			shellScript = "\"${SRCROOT}/Pods/Target Support Files/Pods-Momentz-Instagram/Pods-Momentz-Instagram-frameworks.sh\"\n";
			showEnvVarsInLog = 0;
		};
		4E8C898E67AB3B3DD64769FA /* [CP] Copy Pods Resources */ = {
			isa = PBXShellScriptBuildPhase;
			buildActionMask = 2147483647;
			files = (
			);
			inputPaths = (
			);
			name = "[CP] Copy Pods Resources";
			outputPaths = (
			);
			runOnlyForDeploymentPostprocessing = 0;
			shellPath = /bin/sh;
			shellScript = "\"${SRCROOT}/Pods/Target Support Files/Pods-Momentz-Instagram/Pods-Momentz-Instagram-resources.sh\"\n";
			showEnvVarsInLog = 0;
		};
/* End PBXShellScriptBuildPhase section */

/* Begin PBXSourcesBuildPhase section */
		03FE83821DF3864600D03961 /* Sources */ = {
			isa = PBXSourcesBuildPhase;
			buildActionMask = 2147483647;
			files = (
				031157141DF4D7B2005A94DD /* FirebaseReference.swift in Sources */,
				03FE838A1DF3864600D03961 /* AppDelegate.swift in Sources */,
				036183AC1DF659A000F24D2D /* FIR Image.swift in Sources */,
				031157181DF4E6D5005A94DD /* User.swift in Sources */,
			);
			runOnlyForDeploymentPostprocessing = 0;
		};
/* End PBXSourcesBuildPhase section */

/* Begin PBXVariantGroup section */
		03FE838D1DF3864600D03961 /* Main.storyboard */ = {
			isa = PBXVariantGroup;
			children = (
				03FE838E1DF3864600D03961 /* Base */,
			);
			name = Main.storyboard;
			sourceTree = "<group>";
		};
		03FE83921DF3864600D03961 /* LaunchScreen.storyboard */ = {
			isa = PBXVariantGroup;
			children = (
				03FE83931DF3864600D03961 /* Base */,
			);
			name = LaunchScreen.storyboard;
			sourceTree = "<group>";
		};
/* End PBXVariantGroup section */

/* Begin XCBuildConfiguration section */
		03FE83961DF3864600D03961 /* Debug */ = {
			isa = XCBuildConfiguration;
			buildSettings = {
				ALWAYS_SEARCH_USER_PATHS = NO;
				CLANG_ANALYZER_NONNULL = YES;
				CLANG_CXX_LANGUAGE_STANDARD = "gnu++0x";
				CLANG_CXX_LIBRARY = "libc++";
				CLANG_ENABLE_MODULES = YES;
				CLANG_ENABLE_OBJC_ARC = YES;
				CLANG_WARN_BOOL_CONVERSION = YES;
				CLANG_WARN_CONSTANT_CONVERSION = YES;
				CLANG_WARN_DIRECT_OBJC_ISA_USAGE = YES_ERROR;
				CLANG_WARN_DOCUMENTATION_COMMENTS = YES;
				CLANG_WARN_EMPTY_BODY = YES;
				CLANG_WARN_ENUM_CONVERSION = YES;
				CLANG_WARN_INFINITE_RECURSION = YES;
				CLANG_WARN_INT_CONVERSION = YES;
				CLANG_WARN_OBJC_ROOT_CLASS = YES_ERROR;
				CLANG_WARN_SUSPICIOUS_MOVE = YES;
				CLANG_WARN_UNREACHABLE_CODE = YES;
				CLANG_WARN__DUPLICATE_METHOD_MATCH = YES;
				"CODE_SIGN_IDENTITY[sdk=iphoneos*]" = "iPhone Developer";
				COPY_PHASE_STRIP = NO;
				DEBUG_INFORMATION_FORMAT = dwarf;
				ENABLE_STRICT_OBJC_MSGSEND = YES;
				ENABLE_TESTABILITY = YES;
				GCC_C_LANGUAGE_STANDARD = gnu99;
				GCC_DYNAMIC_NO_PIC = NO;
				GCC_NO_COMMON_BLOCKS = YES;
				GCC_OPTIMIZATION_LEVEL = 0;
				GCC_PREPROCESSOR_DEFINITIONS = (
					"DEBUG=1",
					"$(inherited)",
				);
				GCC_WARN_64_TO_32_BIT_CONVERSION = YES;
				GCC_WARN_ABOUT_RETURN_TYPE = YES_ERROR;
				GCC_WARN_UNDECLARED_SELECTOR = YES;
				GCC_WARN_UNINITIALIZED_AUTOS = YES_AGGRESSIVE;
				GCC_WARN_UNUSED_FUNCTION = YES;
				GCC_WARN_UNUSED_VARIABLE = YES;
				IPHONEOS_DEPLOYMENT_TARGET = 10.2;
				MTL_ENABLE_DEBUG_INFO = YES;
				ONLY_ACTIVE_ARCH = YES;
				SDKROOT = iphoneos;
				SWIFT_ACTIVE_COMPILATION_CONDITIONS = DEBUG;
				SWIFT_OPTIMIZATION_LEVEL = "-Onone";
			};
			name = Debug;
		};
		03FE83971DF3864600D03961 /* Release */ = {
			isa = XCBuildConfiguration;
			buildSettings = {
				ALWAYS_SEARCH_USER_PATHS = NO;
				CLANG_ANALYZER_NONNULL = YES;
				CLANG_CXX_LANGUAGE_STANDARD = "gnu++0x";
				CLANG_CXX_LIBRARY = "libc++";
				CLANG_ENABLE_MODULES = YES;
				CLANG_ENABLE_OBJC_ARC = YES;
				CLANG_WARN_BOOL_CONVERSION = YES;
				CLANG_WARN_CONSTANT_CONVERSION = YES;
				CLANG_WARN_DIRECT_OBJC_ISA_USAGE = YES_ERROR;
				CLANG_WARN_DOCUMENTATION_COMMENTS = YES;
				CLANG_WARN_EMPTY_BODY = YES;
				CLANG_WARN_ENUM_CONVERSION = YES;
				CLANG_WARN_INFINITE_RECURSION = YES;
				CLANG_WARN_INT_CONVERSION = YES;
				CLANG_WARN_OBJC_ROOT_CLASS = YES_ERROR;
				CLANG_WARN_SUSPICIOUS_MOVE = YES;
				CLANG_WARN_UNREACHABLE_CODE = YES;
				CLANG_WARN__DUPLICATE_METHOD_MATCH = YES;
				"CODE_SIGN_IDENTITY[sdk=iphoneos*]" = "iPhone Developer";
				COPY_PHASE_STRIP = NO;
				DEBUG_INFORMATION_FORMAT = "dwarf-with-dsym";
				ENABLE_NS_ASSERTIONS = NO;
				ENABLE_STRICT_OBJC_MSGSEND = YES;
				GCC_C_LANGUAGE_STANDARD = gnu99;
				GCC_NO_COMMON_BLOCKS = YES;
				GCC_WARN_64_TO_32_BIT_CONVERSION = YES;
				GCC_WARN_ABOUT_RETURN_TYPE = YES_ERROR;
				GCC_WARN_UNDECLARED_SELECTOR = YES;
				GCC_WARN_UNINITIALIZED_AUTOS = YES_AGGRESSIVE;
				GCC_WARN_UNUSED_FUNCTION = YES;
				GCC_WARN_UNUSED_VARIABLE = YES;
				IPHONEOS_DEPLOYMENT_TARGET = 10.2;
				MTL_ENABLE_DEBUG_INFO = NO;
				SDKROOT = iphoneos;
				SWIFT_OPTIMIZATION_LEVEL = "-Owholemodule";
				VALIDATE_PRODUCT = YES;
			};
			name = Release;
		};
		03FE83991DF3864600D03961 /* Debug */ = {
			isa = XCBuildConfiguration;
			baseConfigurationReference = 5556FA9059AAC43C01235E02 /* Pods-Momentz-Instagram.debug.xcconfig */;
			buildSettings = {
				ASSETCATALOG_COMPILER_APPICON_NAME = AppIcon;
				DEVELOPMENT_TEAM = X3MF58BS4U;
				INFOPLIST_FILE = "Momentz-Instagram/Info.plist";
				LD_RUNPATH_SEARCH_PATHS = "$(inherited) @executable_path/Frameworks";
				PRODUCT_BUNDLE_IDENTIFIER = "com.Derek.Momentz-Instagram";
				PRODUCT_NAME = "$(TARGET_NAME)";
				SWIFT_VERSION = 3.0;
			};
			name = Debug;
		};
		03FE839A1DF3864600D03961 /* Release */ = {
			isa = XCBuildConfiguration;
			baseConfigurationReference = 29D6648848C27720F12EBC5B /* Pods-Momentz-Instagram.release.xcconfig */;
			buildSettings = {
				ASSETCATALOG_COMPILER_APPICON_NAME = AppIcon;
				DEVELOPMENT_TEAM = X3MF58BS4U;
				INFOPLIST_FILE = "Momentz-Instagram/Info.plist";
				LD_RUNPATH_SEARCH_PATHS = "$(inherited) @executable_path/Frameworks";
				PRODUCT_BUNDLE_IDENTIFIER = "com.Derek.Momentz-Instagram";
				PRODUCT_NAME = "$(TARGET_NAME)";
				SWIFT_VERSION = 3.0;
			};
			name = Release;
		};
/* End XCBuildConfiguration section */

/* Begin XCConfigurationList section */
		03FE83811DF3864600D03961 /* Build configuration list for PBXProject "Momentz-Instagram" */ = {
			isa = XCConfigurationList;
			buildConfigurations = (
				03FE83961DF3864600D03961 /* Debug */,
				03FE83971DF3864600D03961 /* Release */,
			);
			defaultConfigurationIsVisible = 0;
			defaultConfigurationName = Release;
		};
		03FE83981DF3864600D03961 /* Build configuration list for PBXNativeTarget "Momentz-Instagram" */ = {
			isa = XCConfigurationList;
			buildConfigurations = (
				03FE83991DF3864600D03961 /* Debug */,
				03FE839A1DF3864600D03961 /* Release */,
			);
			defaultConfigurationIsVisible = 0;
			defaultConfigurationName = Release;
		};
/* End XCConfigurationList section */
	};
	rootObject = 03FE837E1DF3864600D03961 /* Project object */;
}
